
Microsoft Visual Studio Solution File, Format Version 10.00
# Visual Studio 2008
Project("{54435603-DBB4-11D2-8724-00A0C9A8B90C}") = "GYIA", "GYIA\GYIA.vdproj", "{E752E1A1-81BA-4BFC-9C21-030D9B812AB4}"
EndProject
Global
	GlobalSection(SolutionConfigurationPlatforms) = preSolution
		Debug|Default = Debug|Default
		Release|Default = Release|Default
		yy|Default = yy|Default
	EndGlobalSection
	GlobalSection(ProjectConfigurationPlatforms) = postSolution
		{E752E1A1-81BA-4BFC-9C21-030D9B812AB4}.Debug|Default.ActiveCfg = Debug
		{E752E1A1-81BA-4BFC-9C21-030D9B812AB4}.Debug|Default.Build.0 = Debug
		{E752E1A1-81BA-4BFC-9C21-030D9B812AB4}.Release|Default.ActiveCfg = Release
		{E752E1A1-81BA-4BFC-9C21-030D9B812AB4}.Release|Default.Build.0 = Release
		{E752E1A1-81BA-4BFC-9C21-030D9B812AB4}.yy|Default.ActiveCfg = Release
		{E752E1A1-81BA-4BFC-9C21-030D9B812AB4}.yy|Default.Build.0 = Release
	EndGlobalSection
	GlobalSection(SolutionProperties) = preSolution
		HideSolutionNode = FALSE
	EndGlobalSection
EndGlobal
